
Microsoft Visual Studio Solution File, Format Version 12.00
# Visual Studio Version 17
VisualStudioVersion = 17.3.32901.215
MinimumVisualStudioVersion = 10.0.40219.1
Project("{8BC9CEB8-8B4A-11D0-8D11-00A0C91BC942}") = "ConsoleA 8", "ConsoleA 8\ConsoleA 8.vcxproj", "{75829B90-3B8B-4AB6-8D3B-C3F86984B265}"
EndProject
Global
	GlobalSection(SolutionConfigurationPlatforms) = preSolution
		Debug|x64 = Debug|x64
		Debug|x86 = Debug|x86
		Release|x64 = Release|x64
		Release|x86 = Release|x86
	EndGlobalSection
	GlobalSection(ProjectConfigurationPlatforms) = postSolution
		{75829B90-3B8B-4AB6-8D3B-C3F86984B265}.Debug|x64.ActiveCfg = Debug|x64
		{75829B90-3B8B-4AB6-8D3B-C3F86984B265}.Debug|x64.Build.0 = Debug|x64
		{75829B90-3B8B-4AB6-8D3B-C3F86984B265}.Debug|x86.ActiveCfg = Debug|Win32
		{75829B90-3B8B-4AB6-8D3B-C3F86984B265}.Debug|x86.Build.0 = Debug|Win32
		{75829B90-3B8B-4AB6-8D3B-C3F86984B265}.Release|x64.ActiveCfg = Release|x64
		{75829B90-3B8B-4AB6-8D3B-C3F86984B265}.Release|x64.Build.0 = Release|x64
		{75829B90-3B8B-4AB6-8D3B-C3F86984B265}.Release|x86.ActiveCfg = Release|Win32
		{75829B90-3B8B-4AB6-8D3B-C3F86984B265}.Release|x86.Build.0 = Release|Win32
	EndGlobalSection
	GlobalSection(SolutionProperties) = preSolution
		HideSolutionNode = FALSE
	EndGlobalSection
	GlobalSection(ExtensibilityGlobals) = postSolution
		SolutionGuid = {E696B900-98E5-4B22-B1B6-0C9C4A9B3767}
	EndGlobalSection
EndGlobal
